
Microsoft Visual Studio Solution File, Format Version 12.00
# Visual Studio 15
VisualStudioVersion = 15.0.26124.0
MinimumVisualStudioVersion = 15.0.26124.0
Project("{2150E333-8FDC-42A3-9474-1A3956D46DE8}") = "src", "src", "{8935A4E0-3FC4-4A28-8EAF-77E1C108D78E}"
EndProject
Project("{FAE04EC0-301F-11D3-BF4B-00C04F79EFBC}") = "API", "src\API\API.csproj", "{CA70F989-4019-4B4E-AAC8-309166DB5775}"
EndProject
Project("{FAE04EC0-301F-11D3-BF4B-00C04F79EFBC}") = "Domain", "src\Domain\Domain.csproj", "{1CC9A21A-F257-45D1-9363-79937B095E5A}"
EndProject
Project("{FAE04EC0-301F-11D3-BF4B-00C04F79EFBC}") = "Infrastructure", "src\Infrastructure\Infrastructure.csproj", "{FC41AB1A-AFC3-4030-BFA2-46E0993E6113}"
EndProject
Global
	GlobalSection(SolutionConfigurationPlatforms) = preSolution
		Debug|Any CPU = Debug|Any CPU
		Debug|x64 = Debug|x64
		Debug|x86 = Debug|x86
		Release|Any CPU = Release|Any CPU
		Release|x64 = Release|x64
		Release|x86 = Release|x86
	EndGlobalSection
	GlobalSection(SolutionProperties) = preSolution
		HideSolutionNode = FALSE
	EndGlobalSection
	GlobalSection(ProjectConfigurationPlatforms) = postSolution
		{CA70F989-4019-4B4E-AAC8-309166DB5775}.Debug|Any CPU.ActiveCfg = Debug|Any CPU
		{CA70F989-4019-4B4E-AAC8-309166DB5775}.Debug|Any CPU.Build.0 = Debug|Any CPU
		{CA70F989-4019-4B4E-AAC8-309166DB5775}.Debug|x64.ActiveCfg = Debug|x64
		{CA70F989-4019-4B4E-AAC8-309166DB5775}.Debug|x64.Build.0 = Debug|x64
		{CA70F989-4019-4B4E-AAC8-309166DB5775}.Debug|x86.ActiveCfg = Debug|x86
		{CA70F989-4019-4B4E-AAC8-309166DB5775}.Debug|x86.Build.0 = Debug|x86
		{CA70F989-4019-4B4E-AAC8-309166DB5775}.Release|Any CPU.ActiveCfg = Release|Any CPU
		{CA70F989-4019-4B4E-AAC8-309166DB5775}.Release|Any CPU.Build.0 = Release|Any CPU
		{CA70F989-4019-4B4E-AAC8-309166DB5775}.Release|x64.ActiveCfg = Release|x64
		{CA70F989-4019-4B4E-AAC8-309166DB5775}.Release|x64.Build.0 = Release|x64
		{CA70F989-4019-4B4E-AAC8-309166DB5775}.Release|x86.ActiveCfg = Release|x86
		{CA70F989-4019-4B4E-AAC8-309166DB5775}.Release|x86.Build.0 = Release|x86
		{1CC9A21A-F257-45D1-9363-79937B095E5A}.Debug|Any CPU.ActiveCfg = Debug|Any CPU
		{1CC9A21A-F257-45D1-9363-79937B095E5A}.Debug|Any CPU.Build.0 = Debug|Any CPU
		{1CC9A21A-F257-45D1-9363-79937B095E5A}.Debug|x64.ActiveCfg = Debug|x64
		{1CC9A21A-F257-45D1-9363-79937B095E5A}.Debug|x64.Build.0 = Debug|x64
		{1CC9A21A-F257-45D1-9363-79937B095E5A}.Debug|x86.ActiveCfg = Debug|x86
		{1CC9A21A-F257-45D1-9363-79937B095E5A}.Debug|x86.Build.0 = Debug|x86
		{1CC9A21A-F257-45D1-9363-79937B095E5A}.Release|Any CPU.ActiveCfg = Release|Any CPU
		{1CC9A21A-F257-45D1-9363-79937B095E5A}.Release|Any CPU.Build.0 = Release|Any CPU
		{1CC9A21A-F257-45D1-9363-79937B095E5A}.Release|x64.ActiveCfg = Release|x64
		{1CC9A21A-F257-45D1-9363-79937B095E5A}.Release|x64.Build.0 = Release|x64
		{1CC9A21A-F257-45D1-9363-79937B095E5A}.Release|x86.ActiveCfg = Release|x86
		{1CC9A21A-F257-45D1-9363-79937B095E5A}.Release|x86.Build.0 = Release|x86
		{FC41AB1A-AFC3-4030-BFA2-46E0993E6113}.Debug|Any CPU.ActiveCfg = Debug|Any CPU
		{FC41AB1A-AFC3-4030-BFA2-46E0993E6113}.Debug|Any CPU.Build.0 = Debug|Any CPU
		{FC41AB1A-AFC3-4030-BFA2-46E0993E6113}.Debug|x64.ActiveCfg = Debug|x64
		{FC41AB1A-AFC3-4030-BFA2-46E0993E6113}.Debug|x64.Build.0 = Debug|x64
		{FC41AB1A-AFC3-4030-BFA2-46E0993E6113}.Debug|x86.ActiveCfg = Debug|x86
		{FC41AB1A-AFC3-4030-BFA2-46E0993E6113}.Debug|x86.Build.0 = Debug|x86
		{FC41AB1A-AFC3-4030-BFA2-46E0993E6113}.Release|Any CPU.ActiveCfg = Release|Any CPU
		{FC41AB1A-AFC3-4030-BFA2-46E0993E6113}.Release|Any CPU.Build.0 = Release|Any CPU
		{FC41AB1A-AFC3-4030-BFA2-46E0993E6113}.Release|x64.ActiveCfg = Release|x64
		{FC41AB1A-AFC3-4030-BFA2-46E0993E6113}.Release|x64.Build.0 = Release|x64
		{FC41AB1A-AFC3-4030-BFA2-46E0993E6113}.Release|x86.ActiveCfg = Release|x86
		{FC41AB1A-AFC3-4030-BFA2-46E0993E6113}.Release|x86.Build.0 = Release|x86
	EndGlobalSection
	GlobalSection(NestedProjects) = preSolution
		{CA70F989-4019-4B4E-AAC8-309166DB5775} = {8935A4E0-3FC4-4A28-8EAF-77E1C108D78E}
		{1CC9A21A-F257-45D1-9363-79937B095E5A} = {8935A4E0-3FC4-4A28-8EAF-77E1C108D78E}
		{FC41AB1A-AFC3-4030-BFA2-46E0993E6113} = {8935A4E0-3FC4-4A28-8EAF-77E1C108D78E}
	EndGlobalSection
EndGlobal
